
Microsoft Visual Studio Solution File, Format Version 12.00
# Visual Studio Version 16
VisualStudioVersion = 16.0.29209.62
MinimumVisualStudioVersion = 10.0.40219.1
Project("{FAE04EC0-301F-11D3-BF4B-00C04F79EFBC}") = "Bai3ThucHanh", "Bai3ThucHanh\Bai3ThucHanh.csproj", "{8AE97CAC-C904-423A-97B6-7DF17C726C72}"
EndProject
Global
	GlobalSection(SolutionConfigurationPlatforms) = preSolution
		Debug|Any CPU = Debug|Any CPU
		Release|Any CPU = Release|Any CPU
	EndGlobalSection
	GlobalSection(ProjectConfigurationPlatforms) = postSolution
		{8AE97CAC-C904-423A-97B6-7DF17C726C72}.Debug|Any CPU.ActiveCfg = Debug|Any CPU
		{8AE97CAC-C904-423A-97B6-7DF17C726C72}.Debug|Any CPU.Build.0 = Debug|Any CPU
		{8AE97CAC-C904-423A-97B6-7DF17C726C72}.Release|Any CPU.ActiveCfg = Release|Any CPU
		{8AE97CAC-C904-423A-97B6-7DF17C726C72}.Release|Any CPU.Build.0 = Release|Any CPU
	EndGlobalSection
	GlobalSection(SolutionProperties) = preSolution
		HideSolutionNode = FALSE
	EndGlobalSection
	GlobalSection(ExtensibilityGlobals) = postSolution
		SolutionGuid = {3F5B3EB9-C929-4F03-8BCA-CF0AE082F2BC}
	EndGlobalSection
EndGlobal
